
Microsoft Visual Studio Solution File, Format Version 12.00
# Visual Studio Version 17
VisualStudioVersion = 17.11.35327.3
MinimumVisualStudioVersion = 10.0.40219.1
Project("{9A19103F-16F7-4668-BE54-9A1E7A4F7556}") = "MyRestaurant.Portal", "MyRestaurant.Portal\MyRestaurant.Portal.csproj", "{6A81C89C-DCB5-4B27-8E5F-5452C427D77C}"
EndProject
Project("{9A19103F-16F7-4668-BE54-9A1E7A4F7556}") = "MyRestaurant.API", "MyRestaurant.API\MyRestaurant.API.csproj", "{2AE716DA-414A-443E-A948-B4C02139E178}"
EndProject
Project("{9A19103F-16F7-4668-BE54-9A1E7A4F7556}") = "MyRestaurant.Client", "MyRestaurant.Client\MyRestaurant.Client.csproj", "{53E2DF97-2D13-4103-90D3-86890EDAC083}"
EndProject
Project("{FAE04EC0-301F-11D3-BF4B-00C04F79EFBC}") = "MyRestaurant.Data", "MyRestaurant.Data\MyRestaurant.Data.csproj", "{7EB6AAE2-875C-45E9-B56C-9CF92C031851}"
EndProject
Global
	GlobalSection(SolutionConfigurationPlatforms) = preSolution
		Debug|Any CPU = Debug|Any CPU
		Release|Any CPU = Release|Any CPU
	EndGlobalSection
	GlobalSection(ProjectConfigurationPlatforms) = postSolution
		{6A81C89C-DCB5-4B27-8E5F-5452C427D77C}.Debug|Any CPU.ActiveCfg = Debug|Any CPU
		{6A81C89C-DCB5-4B27-8E5F-5452C427D77C}.Debug|Any CPU.Build.0 = Debug|Any CPU
		{6A81C89C-DCB5-4B27-8E5F-5452C427D77C}.Release|Any CPU.ActiveCfg = Release|Any CPU
		{6A81C89C-DCB5-4B27-8E5F-5452C427D77C}.Release|Any CPU.Build.0 = Release|Any CPU
		{2AE716DA-414A-443E-A948-B4C02139E178}.Debug|Any CPU.ActiveCfg = Debug|Any CPU
		{2AE716DA-414A-443E-A948-B4C02139E178}.Debug|Any CPU.Build.0 = Debug|Any CPU
		{2AE716DA-414A-443E-A948-B4C02139E178}.Release|Any CPU.ActiveCfg = Release|Any CPU
		{2AE716DA-414A-443E-A948-B4C02139E178}.Release|Any CPU.Build.0 = Release|Any CPU
		{53E2DF97-2D13-4103-90D3-86890EDAC083}.Debug|Any CPU.ActiveCfg = Debug|Any CPU
		{53E2DF97-2D13-4103-90D3-86890EDAC083}.Debug|Any CPU.Build.0 = Debug|Any CPU
		{53E2DF97-2D13-4103-90D3-86890EDAC083}.Release|Any CPU.ActiveCfg = Release|Any CPU
		{53E2DF97-2D13-4103-90D3-86890EDAC083}.Release|Any CPU.Build.0 = Release|Any CPU
		{7EB6AAE2-875C-45E9-B56C-9CF92C031851}.Debug|Any CPU.ActiveCfg = Debug|Any CPU
		{7EB6AAE2-875C-45E9-B56C-9CF92C031851}.Debug|Any CPU.Build.0 = Debug|Any CPU
		{7EB6AAE2-875C-45E9-B56C-9CF92C031851}.Release|Any CPU.ActiveCfg = Release|Any CPU
		{7EB6AAE2-875C-45E9-B56C-9CF92C031851}.Release|Any CPU.Build.0 = Release|Any CPU
	EndGlobalSection
	GlobalSection(SolutionProperties) = preSolution
		HideSolutionNode = FALSE
	EndGlobalSection
	GlobalSection(ExtensibilityGlobals) = postSolution
		SolutionGuid = {83336FFC-035F-48CB-894E-9C488C900DC8}
	EndGlobalSection
EndGlobal
